{
  "requires": true,
  "lockfileVersion": 1,
  "dependencies": {
    "apipecker": {
      "version": "1.1.2",
      "resolved": "https://registry.npmjs.org/apipecker/-/apipecker-1.1.2.tgz",
      "integrity": "sha512-NsI8STlNrnWaR0+EIpIXVrB8SHmvEbv41lOx7FJYjJg0dWuS1RBhfPbC+rvDXvh5WqrLcFiB9PisHXaLxAnUXQ=="
    }
  }
}
